
Microsoft Visual Studio Solution File, Format Version 12.00
# Visual Studio 15
VisualStudioVersion = 15.0.28010.2026
MinimumVisualStudioVersion = 10.0.40219.1
Project("{FAE04EC0-301F-11D3-BF4B-00C04F79EFBC}") = "FirebaseTest", "FirebaseTest\FirebaseTest.csproj", "{BE0C4D6F-4254-472D-8392-3F3437268922}"
EndProject
Global
	GlobalSection(SolutionConfigurationPlatforms) = preSolution
		Debug|Any CPU = Debug|Any CPU
		Release|Any CPU = Release|Any CPU
	EndGlobalSection
	GlobalSection(ProjectConfigurationPlatforms) = postSolution
		{BE0C4D6F-4254-472D-8392-3F3437268922}.Debug|Any CPU.ActiveCfg = Debug|Any CPU
		{BE0C4D6F-4254-472D-8392-3F3437268922}.Debug|Any CPU.Build.0 = Debug|Any CPU
		{BE0C4D6F-4254-472D-8392-3F3437268922}.Release|Any CPU.ActiveCfg = Release|Any CPU
		{BE0C4D6F-4254-472D-8392-3F3437268922}.Release|Any CPU.Build.0 = Release|Any CPU
	EndGlobalSection
	GlobalSection(SolutionProperties) = preSolution
		HideSolutionNode = FALSE
	EndGlobalSection
	GlobalSection(ExtensibilityGlobals) = postSolution
		SolutionGuid = {79DBE08C-AA02-4768-90E7-53A45A5EF940}
	EndGlobalSection
EndGlobal
